
Microsoft Visual Studio Solution File, Format Version 12.00
# Visual Studio Version 16
VisualStudioVersion = 16.0.33423.256
MinimumVisualStudioVersion = 10.0.40219.1
Project("{FAE04EC0-301F-11D3-BF4B-00C04F79EFBC}") = "PR05_GIT_Panfilov", "PR05_GIT_Panfilov\PR05_GIT_Panfilov.csproj", "{52263B2E-7709-4E95-9EB8-DEF030FB45C4}"
EndProject
Global
	GlobalSection(SolutionConfigurationPlatforms) = preSolution
		Debug|Any CPU = Debug|Any CPU
		Release|Any CPU = Release|Any CPU
	EndGlobalSection
	GlobalSection(ProjectConfigurationPlatforms) = postSolution
		{52263B2E-7709-4E95-9EB8-DEF030FB45C4}.Debug|Any CPU.ActiveCfg = Debug|Any CPU
		{52263B2E-7709-4E95-9EB8-DEF030FB45C4}.Debug|Any CPU.Build.0 = Debug|Any CPU
		{52263B2E-7709-4E95-9EB8-DEF030FB45C4}.Release|Any CPU.ActiveCfg = Release|Any CPU
		{52263B2E-7709-4E95-9EB8-DEF030FB45C4}.Release|Any CPU.Build.0 = Release|Any CPU
	EndGlobalSection
	GlobalSection(SolutionProperties) = preSolution
		HideSolutionNode = FALSE
	EndGlobalSection
	GlobalSection(ExtensibilityGlobals) = postSolution
		SolutionGuid = {2217FF18-D9EC-4FF3-9C35-B94D7A3410FB}
	EndGlobalSection
EndGlobal
